
Microsoft Visual Studio Solution File, Format Version 12.00
# Visual Studio Version 17
VisualStudioVersion = 17.6.33829.357
MinimumVisualStudioVersion = 10.0.40219.1
Project("{2150E333-8FDC-42A3-9474-1A3956D46DE8}") = "src", "src", "{0CFCFEC0-6412-4B8B-AAD6-B7779D7AFEC5}"
EndProject
Project("{2150E333-8FDC-42A3-9474-1A3956D46DE8}") = "Services", "Services", "{C5CA5B17-5310-4279-ACC8-0ACD1C1357AB}"
EndProject
Project("{2150E333-8FDC-42A3-9474-1A3956D46DE8}") = "MainStore", "MainStore", "{82AEC2A8-64F5-40E1-8C18-9A657C5C419A}"
EndProject
Project("{2150E333-8FDC-42A3-9474-1A3956D46DE8}") = "ShopA", "ShopA", "{219F1112-D970-42E7-8BA4-0B34EB3AAD68}"
EndProject
Project("{2150E333-8FDC-42A3-9474-1A3956D46DE8}") = "app", "app", "{7D03AC26-BC7B-4360-A666-13B082CAA48F}"
EndProject
Project("{2150E333-8FDC-42A3-9474-1A3956D46DE8}") = "tests", "tests", "{636E6357-CA19-4733-B90C-958D2E9BA715}"
EndProject
Project("{2150E333-8FDC-42A3-9474-1A3956D46DE8}") = "ApplicationCore", "ApplicationCore", "{19934B91-70B5-4E40-8CA4-A05B1CB0C534}"
EndProject
Project("{2150E333-8FDC-42A3-9474-1A3956D46DE8}") = "Infrastructure", "Infrastructure", "{E925A8EB-6F6B-4877-807F-E318272E0E5D}"
EndProject
Project("{2150E333-8FDC-42A3-9474-1A3956D46DE8}") = "app", "app", "{7BF6F54E-4ED1-4E30-8167-2FC2977A0DA6}"
EndProject
Project("{2150E333-8FDC-42A3-9474-1A3956D46DE8}") = "tests", "tests", "{3D363FBF-AB23-4EB8-A075-1CD1A0347A18}"
EndProject
Project("{2150E333-8FDC-42A3-9474-1A3956D46DE8}") = "ApplicationCore", "ApplicationCore", "{59CEE273-8CDA-48AE-91A3-F6FCFA99FB85}"
EndProject
Project("{2150E333-8FDC-42A3-9474-1A3956D46DE8}") = "Infrastructure", "Infrastructure", "{E1309791-5257-4ABC-8E69-26391F159AE7}"
EndProject
Project("{9A19103F-16F7-4668-BE54-9A1E7A4F7556}") = "MainStore.Api", "src\Services\MainStore\app\MainStore.Api\MainStore.Api.csproj", "{E59B5579-A317-4EC4-B104-5FA07A849428}"
EndProject
Project("{9A19103F-16F7-4668-BE54-9A1E7A4F7556}") = "ShopA.Api", "src\Services\ShopA\app\ShopA.Api\ShopA.Api.csproj", "{7C1002FF-A338-4141-AE63-A35DACEA9C3B}"
EndProject
Project("{2150E333-8FDC-42A3-9474-1A3956D46DE8}") = "MainStore.DomainModels", "MainStore.DomainModels", "{A7873F24-0C0C-49A4-AE3C-FE1E9F65B778}"
EndProject
Project("{FAE04EC0-301F-11D3-BF4B-00C04F79EFBC}") = "MainStore.DomainModels", "src\Services\MainStore\app\ApplicationCore\MainStore.DomainModels\MainStore.DomainModels\MainStore.DomainModels.csproj", "{B95AE325-3EB7-4A86-BA8D-8D0C7A66074C}"
EndProject
Project("{FAE04EC0-301F-11D3-BF4B-00C04F79EFBC}") = "MainStore.BaseContext", "src\Services\MainStore\app\Infrastructure\MainStore.BaseContext\MainStore.BaseContext.csproj", "{63A7BFB9-899E-46E2-87A3-98A2C550BE73}"
EndProject
Global
	GlobalSection(SolutionConfigurationPlatforms) = preSolution
		Debug|Any CPU = Debug|Any CPU
		Release|Any CPU = Release|Any CPU
	EndGlobalSection
	GlobalSection(ProjectConfigurationPlatforms) = postSolution
		{E59B5579-A317-4EC4-B104-5FA07A849428}.Debug|Any CPU.ActiveCfg = Debug|Any CPU
		{E59B5579-A317-4EC4-B104-5FA07A849428}.Debug|Any CPU.Build.0 = Debug|Any CPU
		{E59B5579-A317-4EC4-B104-5FA07A849428}.Release|Any CPU.ActiveCfg = Release|Any CPU
		{E59B5579-A317-4EC4-B104-5FA07A849428}.Release|Any CPU.Build.0 = Release|Any CPU
		{7C1002FF-A338-4141-AE63-A35DACEA9C3B}.Debug|Any CPU.ActiveCfg = Debug|Any CPU
		{7C1002FF-A338-4141-AE63-A35DACEA9C3B}.Debug|Any CPU.Build.0 = Debug|Any CPU
		{7C1002FF-A338-4141-AE63-A35DACEA9C3B}.Release|Any CPU.ActiveCfg = Release|Any CPU
		{7C1002FF-A338-4141-AE63-A35DACEA9C3B}.Release|Any CPU.Build.0 = Release|Any CPU
		{B95AE325-3EB7-4A86-BA8D-8D0C7A66074C}.Debug|Any CPU.ActiveCfg = Debug|Any CPU
		{B95AE325-3EB7-4A86-BA8D-8D0C7A66074C}.Debug|Any CPU.Build.0 = Debug|Any CPU
		{B95AE325-3EB7-4A86-BA8D-8D0C7A66074C}.Release|Any CPU.ActiveCfg = Release|Any CPU
		{B95AE325-3EB7-4A86-BA8D-8D0C7A66074C}.Release|Any CPU.Build.0 = Release|Any CPU
		{63A7BFB9-899E-46E2-87A3-98A2C550BE73}.Debug|Any CPU.ActiveCfg = Debug|Any CPU
		{63A7BFB9-899E-46E2-87A3-98A2C550BE73}.Debug|Any CPU.Build.0 = Debug|Any CPU
		{63A7BFB9-899E-46E2-87A3-98A2C550BE73}.Release|Any CPU.ActiveCfg = Release|Any CPU
		{63A7BFB9-899E-46E2-87A3-98A2C550BE73}.Release|Any CPU.Build.0 = Release|Any CPU
	EndGlobalSection
	GlobalSection(SolutionProperties) = preSolution
		HideSolutionNode = FALSE
	EndGlobalSection
	GlobalSection(NestedProjects) = preSolution
		{C5CA5B17-5310-4279-ACC8-0ACD1C1357AB} = {0CFCFEC0-6412-4B8B-AAD6-B7779D7AFEC5}
		{82AEC2A8-64F5-40E1-8C18-9A657C5C419A} = {C5CA5B17-5310-4279-ACC8-0ACD1C1357AB}
		{219F1112-D970-42E7-8BA4-0B34EB3AAD68} = {C5CA5B17-5310-4279-ACC8-0ACD1C1357AB}
		{7D03AC26-BC7B-4360-A666-13B082CAA48F} = {82AEC2A8-64F5-40E1-8C18-9A657C5C419A}
		{636E6357-CA19-4733-B90C-958D2E9BA715} = {82AEC2A8-64F5-40E1-8C18-9A657C5C419A}
		{19934B91-70B5-4E40-8CA4-A05B1CB0C534} = {7D03AC26-BC7B-4360-A666-13B082CAA48F}
		{E925A8EB-6F6B-4877-807F-E318272E0E5D} = {7D03AC26-BC7B-4360-A666-13B082CAA48F}
		{7BF6F54E-4ED1-4E30-8167-2FC2977A0DA6} = {219F1112-D970-42E7-8BA4-0B34EB3AAD68}
		{3D363FBF-AB23-4EB8-A075-1CD1A0347A18} = {219F1112-D970-42E7-8BA4-0B34EB3AAD68}
		{59CEE273-8CDA-48AE-91A3-F6FCFA99FB85} = {7BF6F54E-4ED1-4E30-8167-2FC2977A0DA6}
		{E1309791-5257-4ABC-8E69-26391F159AE7} = {7BF6F54E-4ED1-4E30-8167-2FC2977A0DA6}
		{E59B5579-A317-4EC4-B104-5FA07A849428} = {7D03AC26-BC7B-4360-A666-13B082CAA48F}
		{7C1002FF-A338-4141-AE63-A35DACEA9C3B} = {7BF6F54E-4ED1-4E30-8167-2FC2977A0DA6}
		{A7873F24-0C0C-49A4-AE3C-FE1E9F65B778} = {19934B91-70B5-4E40-8CA4-A05B1CB0C534}
		{B95AE325-3EB7-4A86-BA8D-8D0C7A66074C} = {A7873F24-0C0C-49A4-AE3C-FE1E9F65B778}
		{63A7BFB9-899E-46E2-87A3-98A2C550BE73} = {E925A8EB-6F6B-4877-807F-E318272E0E5D}
	EndGlobalSection
	GlobalSection(ExtensibilityGlobals) = postSolution
		SolutionGuid = {7CD54C53-A3EC-4293-B4C8-828932937406}
	EndGlobalSection
EndGlobal
